// !$*UTF8*$!
{
	archiveVersion = 1;
	classes = {
	};
	objectVersion = 46;
	objects = {

/* Begin PBXBuildFile section */
		89EC02E11BCE7F3C0029C353 /* AppDelegate.swift in Sources */ = {isa = PBXBuildFile; fileRef = 89EC02E01BCE7F3C0029C353 /* AppDelegate.swift */; };
		89EC02E31BCE7F3C0029C353 /* ViewController.swift in Sources */ = {isa = PBXBuildFile; fileRef = 89EC02E21BCE7F3C0029C353 /* ViewController.swift */; };
		89EC02E61BCE7F3C0029C353 /* Main.storyboard in Resources */ = {isa = PBXBuildFile; fileRef = 89EC02E41BCE7F3C0029C353 /* Main.storyboard */; };
		89EC02E91BCE7F3C0029C353 /* DrawerViewController.xcdatamodeld in Sources */ = {isa = PBXBuildFile; fileRef = 89EC02E71BCE7F3C0029C353 /* DrawerViewController.xcdatamodeld */; };
		89EC02EB1BCE7F3C0029C353 /* Assets.xcassets in Resources */ = {isa = PBXBuildFile; fileRef = 89EC02EA1BCE7F3C0029C353 /* Assets.xcassets */; };
		89EC02EE1BCE7F3C0029C353 /* LaunchScreen.storyboard in Resources */ = {isa = PBXBuildFile; fileRef = 89EC02EC1BCE7F3C0029C353 /* LaunchScreen.storyboard */; };
		89EC02F91BCE7F3C0029C353 /* DrawerViewControllerTests.swift in Sources */ = {isa = PBXBuildFile; fileRef = 89EC02F81BCE7F3C0029C353 /* DrawerViewControllerTests.swift */; };
		89EC03041BCE7F3C0029C353 /* DrawerViewControllerUITests.swift in Sources */ = {isa = PBXBuildFile; fileRef = 89EC03031BCE7F3C0029C353 /* DrawerViewControllerUITests.swift */; };
		89EC03151BCE7FA90029C353 /* DrawerView.swift in Sources */ = {isa = PBXBuildFile; fileRef = 89EC03141BCE7FA90029C353 /* DrawerView.swift */; settings = {ASSET_TAGS = (); }; };
		89EC03171BCE81F70029C353 /* DrawerViewCell.swift in Sources */ = {isa = PBXBuildFile; fileRef = 89EC03161BCE81F70029C353 /* DrawerViewCell.swift */; settings = {ASSET_TAGS = (); }; };
		89EC03191BCE85430029C353 /* DrawerViewDelegate.swift in Sources */ = {isa = PBXBuildFile; fileRef = 89EC03181BCE85430029C353 /* DrawerViewDelegate.swift */; settings = {ASSET_TAGS = (); }; };
		89FD01451BCFD119002894BC /* 1.jpg in Resources */ = {isa = PBXBuildFile; fileRef = 89FD01441BCFD119002894BC /* 1.jpg */; settings = {ASSET_TAGS = (); }; };
/* End PBXBuildFile section */

/* Begin PBXContainerItemProxy section */
		89EC02F51BCE7F3C0029C353 /* PBXContainerItemProxy */ = {
			isa = PBXContainerItemProxy;
			containerPortal = 89EC02D51BCE7F3C0029C353 /* Project object */;
			proxyType = 1;
			remoteGlobalIDString = 89EC02DC1BCE7F3C0029C353;
			remoteInfo = DrawerViewController;
		};
		89EC03001BCE7F3C0029C353 /* PBXContainerItemProxy */ = {
			isa = PBXContainerItemProxy;
			containerPortal = 89EC02D51BCE7F3C0029C353 /* Project object */;
			proxyType = 1;
			remoteGlobalIDString = 89EC02DC1BCE7F3C0029C353;
			remoteInfo = DrawerViewController;
		};
/* End PBXContainerItemProxy section */

/* Begin PBXFileReference section */
		89EC02DD1BCE7F3C0029C353 /* DrawerViewController.app */ = {isa = PBXFileReference; explicitFileType = wrapper.application; includeInIndex = 0; path = DrawerViewController.app; sourceTree = BUILT_PRODUCTS_DIR; };
		89EC02E01BCE7F3C0029C353 /* AppDelegate.swift */ = {isa = PBXFileReference; lastKnownFileType = sourcecode.swift; path = AppDelegate.swift; sourceTree = "<group>"; };
		89EC02E21BCE7F3C0029C353 /* ViewController.swift */ = {isa = PBXFileReference; lastKnownFileType = sourcecode.swift; path = ViewController.swift; sourceTree = "<group>"; };
		89EC02E51BCE7F3C0029C353 /* Base */ = {isa = PBXFileReference; lastKnownFileType = file.storyboard; name = Base; path = Base.lproj/Main.storyboard; sourceTree = "<group>"; };
		89EC02E81BCE7F3C0029C353 /* DrawerViewController.xcdatamodel */ = {isa = PBXFileReference; lastKnownFileType = wrapper.xcdatamodel; path = DrawerViewController.xcdatamodel; sourceTree = "<group>"; };
		89EC02EA1BCE7F3C0029C353 /* Assets.xcassets */ = {isa = PBXFileReference; lastKnownFileType = folder.assetcatalog; path = Assets.xcassets; sourceTree = "<group>"; };
		89EC02ED1BCE7F3C0029C353 /* Base */ = {isa = PBXFileReference; lastKnownFileType = file.storyboard; name = Base; path = Base.lproj/LaunchScreen.storyboard; sourceTree = "<group>"; };
		89EC02EF1BCE7F3C0029C353 /* Info.plist */ = {isa = PBXFileReference; lastKnownFileType = text.plist.xml; path = Info.plist; sourceTree = "<group>"; };
		89EC02F41BCE7F3C0029C353 /* DrawerViewControllerTests.xctest */ = {isa = PBXFileReference; explicitFileType = wrapper.cfbundle; includeInIndex = 0; path = DrawerViewControllerTests.xctest; sourceTree = BUILT_PRODUCTS_DIR; };
		89EC02F81BCE7F3C0029C353 /* DrawerViewControllerTests.swift */ = {isa = PBXFileReference; lastKnownFileType = sourcecode.swift; path = DrawerViewControllerTests.swift; sourceTree = "<group>"; };
		89EC02FA1BCE7F3C0029C353 /* Info.plist */ = {isa = PBXFileReference; lastKnownFileType = text.plist.xml; path = Info.plist; sourceTree = "<group>"; };
		89EC02FF1BCE7F3C0029C353 /* DrawerViewControllerUITests.xctest */ = {isa = PBXFileReference; explicitFileType = wrapper.cfbundle; includeInIndex = 0; path = DrawerViewControllerUITests.xctest; sourceTree = BUILT_PRODUCTS_DIR; };
		89EC03031BCE7F3C0029C353 /* DrawerViewControllerUITests.swift */ = {isa = PBXFileReference; lastKnownFileType = sourcecode.swift; path = DrawerViewControllerUITests.swift; sourceTree = "<group>"; };
		89EC03051BCE7F3C0029C353 /* Info.plist */ = {isa = PBXFileReference; lastKnownFileType = text.plist.xml; path = Info.plist; sourceTree = "<group>"; };
		89EC03141BCE7FA90029C353 /* DrawerView.swift */ = {isa = PBXFileReference; fileEncoding = 4; lastKnownFileType = sourcecode.swift; path = DrawerView.swift; sourceTree = "<group>"; };
		89EC03161BCE81F70029C353 /* DrawerViewCell.swift */ = {isa = PBXFileReference; fileEncoding = 4; lastKnownFileType = sourcecode.swift; path = DrawerViewCell.swift; sourceTree = "<group>"; };
		89EC03181BCE85430029C353 /* DrawerViewDelegate.swift */ = {isa = PBXFileReference; fileEncoding = 4; lastKnownFileType = sourcecode.swift; path = DrawerViewDelegate.swift; sourceTree = "<group>"; };
		89FD01441BCFD119002894BC /* 1.jpg */ = {isa = PBXFileReference; lastKnownFileType = image.jpeg; path = 1.jpg; sourceTree = "<group>"; };
/* End PBXFileReference section */

/* Begin PBXFrameworksBuildPhase section */
		89EC02DA1BCE7F3C0029C353 /* Frameworks */ = {
			isa = PBXFrameworksBuildPhase;
			buildActionMask = 2147483647;
			files = (
			);
			runOnlyForDeploymentPostprocessing = 0;
		};
		89EC02F11BCE7F3C0029C353 /* Frameworks */ = {
			isa = PBXFrameworksBuildPhase;
			buildActionMask = 2147483647;
			files = (
			);
			runOnlyForDeploymentPostprocessing = 0;
		};
		89EC02FC1BCE7F3C0029C353 /* Frameworks */ = {
			isa = PBXFrameworksBuildPhase;
			buildActionMask = 2147483647;
			files = (
			);
			runOnlyForDeploymentPostprocessing = 0;
		};
/* End PBXFrameworksBuildPhase section */

/* Begin PBXGroup section */
		89EC02D41BCE7F3C0029C353 = {
			isa = PBXGroup;
			children = (
				89EC02DF1BCE7F3C0029C353 /* DrawerViewController */,
				89EC02F71BCE7F3C0029C353 /* DrawerViewControllerTests */,
				89EC03021BCE7F3C0029C353 /* DrawerViewControllerUITests */,
				89EC02DE1BCE7F3C0029C353 /* Products */,
			);
			sourceTree = "<group>";
		};
		89EC02DE1BCE7F3C0029C353 /* Products */ = {
			isa = PBXGroup;
			children = (
				89EC02DD1BCE7F3C0029C353 /* DrawerViewController.app */,
				89EC02F41BCE7F3C0029C353 /* DrawerViewControllerTests.xctest */,
				89EC02FF1BCE7F3C0029C353 /* DrawerViewControllerUITests.xctest */,
			);
			name = Products;
			sourceTree = "<group>";
		};
		89EC02DF1BCE7F3C0029C353 /* DrawerViewController */ = {
			isa = PBXGroup;
			children = (
				89EC03131BCE7FA90029C353 /* Drawer */,
				89EC02E01BCE7F3C0029C353 /* AppDelegate.swift */,
				89EC02E21BCE7F3C0029C353 /* ViewController.swift */,
				89EC02E41BCE7F3C0029C353 /* Main.storyboard */,
				89FD01441BCFD119002894BC /* 1.jpg */,
				89EC02EA1BCE7F3C0029C353 /* Assets.xcassets */,
				89EC02EC1BCE7F3C0029C353 /* LaunchScreen.storyboard */,
				89EC02EF1BCE7F3C0029C353 /* Info.plist */,
				89EC02E71BCE7F3C0029C353 /* DrawerViewController.xcdatamodeld */,
			);
			path = DrawerViewController;
			sourceTree = "<group>";
		};
		89EC02F71BCE7F3C0029C353 /* DrawerViewControllerTests */ = {
			isa = PBXGroup;
			children = (
				89EC02F81BCE7F3C0029C353 /* DrawerViewControllerTests.swift */,
				89EC02FA1BCE7F3C0029C353 /* Info.plist */,
			);
			path = DrawerViewControllerTests;
			sourceTree = "<group>";
		};
		89EC03021BCE7F3C0029C353 /* DrawerViewControllerUITests */ = {
			isa = PBXGroup;
			children = (
				89EC03031BCE7F3C0029C353 /* DrawerViewControllerUITests.swift */,
				89EC03051BCE7F3C0029C353 /* Info.plist */,
			);
			path = DrawerViewControllerUITests;
			sourceTree = "<group>";
		};
		89EC03131BCE7FA90029C353 /* Drawer */ = {
			isa = PBXGroup;
			children = (
				89EC03141BCE7FA90029C353 /* DrawerView.swift */,
				89EC03161BCE81F70029C353 /* DrawerViewCell.swift */,
				89EC03181BCE85430029C353 /* DrawerViewDelegate.swift */,
			);
			path = Drawer;
			sourceTree = "<group>";
		};
/* End PBXGroup section */

/* Begin PBXNativeTarget section */
		89EC02DC1BCE7F3C0029C353 /* DrawerViewController */ = {
			isa = PBXNativeTarget;
			buildConfigurationList = 89EC03081BCE7F3C0029C353 /* Build configuration list for PBXNativeTarget "DrawerViewController" */;
			buildPhases = (
				89EC02D91BCE7F3C0029C353 /* Sources */,
				89EC02DA1BCE7F3C0029C353 /* Frameworks */,
				89EC02DB1BCE7F3C0029C353 /* Resources */,
			);
			buildRules = (
			);
			dependencies = (
			);
			name = DrawerViewController;
			productName = DrawerViewController;
			productReference = 89EC02DD1BCE7F3C0029C353 /* DrawerViewController.app */;
			productType = "com.apple.product-type.application";
		};
		89EC02F31BCE7F3C0029C353 /* DrawerViewControllerTests */ = {
			isa = PBXNativeTarget;
			buildConfigurationList = 89EC030B1BCE7F3C0029C353 /* Build configuration list for PBXNativeTarget "DrawerViewControllerTests" */;
			buildPhases = (
				89EC02F01BCE7F3C0029C353 /* Sources */,
				89EC02F11BCE7F3C0029C353 /* Frameworks */,
				89EC02F21BCE7F3C0029C353 /* Resources */,
			);
			buildRules = (
			);
			dependencies = (
				89EC02F61BCE7F3C0029C353 /* PBXTargetDependency */,
			);
			name = DrawerViewControllerTests;
			productName = DrawerViewControllerTests;
			productReference = 89EC02F41BCE7F3C0029C353 /* DrawerViewControllerTests.xctest */;
			productType = "com.apple.product-type.bundle.unit-test";
		};
		89EC02FE1BCE7F3C0029C353 /* DrawerViewControllerUITests */ = {
			isa = PBXNativeTarget;
			buildConfigurationList = 89EC030E1BCE7F3C0029C353 /* Build configuration list for PBXNativeTarget "DrawerViewControllerUITests" */;
			buildPhases = (
				89EC02FB1BCE7F3C0029C353 /* Sources */,
				89EC02FC1BCE7F3C0029C353 /* Frameworks */,
				89EC02FD1BCE7F3C0029C353 /* Resources */,
			);
			buildRules = (
			);
			dependencies = (
				89EC03011BCE7F3C0029C353 /* PBXTargetDependency */,
			);
			name = DrawerViewControllerUITests;
			productName = DrawerViewControllerUITests;
			productReference = 89EC02FF1BCE7F3C0029C353 /* DrawerViewControllerUITests.xctest */;
			productType = "com.apple.product-type.bundle.ui-testing";
		};
/* End PBXNativeTarget section */

/* Begin PBXProject section */
		89EC02D51BCE7F3C0029C353 /* Project object */ = {
			isa = PBXProject;
			attributes = {
				LastUpgradeCheck = 0700;
				ORGANIZATIONNAME = lu;
				TargetAttributes = {
					89EC02DC1BCE7F3C0029C353 = {
						CreatedOnToolsVersion = 7.0.1;
					};
					89EC02F31BCE7F3C0029C353 = {
						CreatedOnToolsVersion = 7.0.1;
						TestTargetID = 89EC02DC1BCE7F3C0029C353;
					};
					89EC02FE1BCE7F3C0029C353 = {
						CreatedOnToolsVersion = 7.0.1;
						TestTargetID = 89EC02DC1BCE7F3C0029C353;
					};
				};
			};
			buildConfigurationList = 89EC02D81BCE7F3C0029C353 /* Build configuration list for PBXProject "DrawerViewController" */;
			compatibilityVersion = "Xcode 3.2";
			developmentRegion = English;
			hasScannedForEncodings = 0;
			knownRegions = (
				en,
				Base,
			);
			mainGroup = 89EC02D41BCE7F3C0029C353;
			productRefGroup = 89EC02DE1BCE7F3C0029C353 /* Products */;
			projectDirPath = "";
			projectRoot = "";
			targets = (
				89EC02DC1BCE7F3C0029C353 /* DrawerViewController */,
				89EC02F31BCE7F3C0029C353 /* DrawerViewControllerTests */,
				89EC02FE1BCE7F3C0029C353 /* DrawerViewControllerUITests */,
			);
		};
/* End PBXProject section */

/* Begin PBXResourcesBuildPhase section */
		89EC02DB1BCE7F3C0029C353 /* Resources */ = {
			isa = PBXResourcesBuildPhase;
			buildActionMask = 2147483647;
			files = (
				89EC02EE1BCE7F3C0029C353 /* LaunchScreen.storyboard in Resources */,
				89FD01451BCFD119002894BC /* 1.jpg in Resources */,
				89EC02EB1BCE7F3C0029C353 /* Assets.xcassets in Resources */,
				89EC02E61BCE7F3C0029C353 /* Main.storyboard in Resources */,
			);
			runOnlyForDeploymentPostprocessing = 0;
		};
		89EC02F21BCE7F3C0029C353 /* Resources */ = {
			isa = PBXResourcesBuildPhase;
			buildActionMask = 2147483647;
			files = (
			);
			runOnlyForDeploymentPostprocessing = 0;
		};
		89EC02FD1BCE7F3C0029C353 /* Resources */ = {
			isa = PBXResourcesBuildPhase;
			buildActionMask = 2147483647;
			files = (
			);
			runOnlyForDeploymentPostprocessing = 0;
		};
/* End PBXResourcesBuildPhase section */

/* Begin PBXSourcesBuildPhase section */
		89EC02D91BCE7F3C0029C353 /* Sources */ = {
			isa = PBXSourcesBuildPhase;
			buildActionMask = 2147483647;
			files = (
				89EC03171BCE81F70029C353 /* DrawerViewCell.swift in Sources */,
				89EC02E31BCE7F3C0029C353 /* ViewController.swift in Sources */,
				89EC02E91BCE7F3C0029C353 /* DrawerViewController.xcdatamodeld in Sources */,
				89EC02E11BCE7F3C0029C353 /* AppDelegate.swift in Sources */,
				89EC03191BCE85430029C353 /* DrawerViewDelegate.swift in Sources */,
				89EC03151BCE7FA90029C353 /* DrawerView.swift in Sources */,
			);
			runOnlyForDeploymentPostprocessing = 0;
		};
		89EC02F01BCE7F3C0029C353 /* Sources */ = {
			isa = PBXSourcesBuildPhase;
			buildActionMask = 2147483647;
			files = (
				89EC02F91BCE7F3C0029C353 /* DrawerViewControllerTests.swift in Sources */,
			);
			runOnlyForDeploymentPostprocessing = 0;
		};
		89EC02FB1BCE7F3C0029C353 /* Sources */ = {
			isa = PBXSourcesBuildPhase;
			buildActionMask = 2147483647;
			files = (
				89EC03041BCE7F3C0029C353 /* DrawerViewControllerUITests.swift in Sources */,
			);
			runOnlyForDeploymentPostprocessing = 0;
		};
/* End PBXSourcesBuildPhase section */

/* Begin PBXTargetDependency section */
		89EC02F61BCE7F3C0029C353 /* PBXTargetDependency */ = {
			isa = PBXTargetDependency;
			target = 89EC02DC1BCE7F3C0029C353 /* DrawerViewController */;
			targetProxy = 89EC02F51BCE7F3C0029C353 /* PBXContainerItemProxy */;
		};
		89EC03011BCE7F3C0029C353 /* PBXTargetDependency */ = {
			isa = PBXTargetDependency;
			target = 89EC02DC1BCE7F3C0029C353 /* DrawerViewController */;
			targetProxy = 89EC03001BCE7F3C0029C353 /* PBXContainerItemProxy */;
		};
/* End PBXTargetDependency section */

/* Begin PBXVariantGroup section */
		89EC02E41BCE7F3C0029C353 /* Main.storyboard */ = {
			isa = PBXVariantGroup;
			children = (
				89EC02E51BCE7F3C0029C353 /* Base */,
			);
			name = Main.storyboard;
			sourceTree = "<group>";
		};
		89EC02EC1BCE7F3C0029C353 /* LaunchScreen.storyboard */ = {
			isa = PBXVariantGroup;
			children = (
				89EC02ED1BCE7F3C0029C353 /* Base */,
			);
			name = LaunchScreen.storyboard;
			sourceTree = "<group>";
		};
/* End PBXVariantGroup section */

/* Begin XCBuildConfiguration section */
		89EC03061BCE7F3C0029C353 /* Debug */ = {
			isa = XCBuildConfiguration;
			buildSettings = {
				ALWAYS_SEARCH_USER_PATHS = NO;
				CLANG_CXX_LANGUAGE_STANDARD = "gnu++0x";
				CLANG_CXX_LIBRARY = "libc++";
				CLANG_ENABLE_MODULES = YES;
				CLANG_ENABLE_OBJC_ARC = YES;
				CLANG_WARN_BOOL_CONVERSION = YES;
				CLANG_WARN_CONSTANT_CONVERSION = YES;
				CLANG_WARN_DIRECT_OBJC_ISA_USAGE = YES_ERROR;
				CLANG_WARN_EMPTY_BODY = YES;
				CLANG_WARN_ENUM_CONVERSION = YES;
				CLANG_WARN_INT_CONVERSION = YES;
				CLANG_WARN_OBJC_ROOT_CLASS = YES_ERROR;
				CLANG_WARN_UNREACHABLE_CODE = YES;
				CLANG_WARN__DUPLICATE_METHOD_MATCH = YES;
				"CODE_SIGN_IDENTITY[sdk=iphoneos*]" = "iPhone Developer";
				COPY_PHASE_STRIP = NO;
				DEBUG_INFORMATION_FORMAT = dwarf;
				ENABLE_STRICT_OBJC_MSGSEND = YES;
				ENABLE_TESTABILITY = YES;
				GCC_C_LANGUAGE_STANDARD = gnu99;
				GCC_DYNAMIC_NO_PIC = NO;
				GCC_NO_COMMON_BLOCKS = YES;
				GCC_OPTIMIZATION_LEVEL = 0;
				GCC_PREPROCESSOR_DEFINITIONS = (
					"DEBUG=1",
					"$(inherited)",
				);
				GCC_WARN_64_TO_32_BIT_CONVERSION = YES;
				GCC_WARN_ABOUT_RETURN_TYPE = YES_ERROR;
				GCC_WARN_UNDECLARED_SELECTOR = YES;
				GCC_WARN_UNINITIALIZED_AUTOS = YES_AGGRESSIVE;
				GCC_WARN_UNUSED_FUNCTION = YES;
				GCC_WARN_UNUSED_VARIABLE = YES;
				IPHONEOS_DEPLOYMENT_TARGET = 9.0;
				MTL_ENABLE_DEBUG_INFO = YES;
				ONLY_ACTIVE_ARCH = YES;
				SDKROOT = iphoneos;
				SWIFT_OPTIMIZATION_LEVEL = "-Onone";
			};
			name = Debug;
		};
		89EC03071BCE7F3C0029C353 /* Release */ = {
			isa = XCBuildConfiguration;
			buildSettings = {
				ALWAYS_SEARCH_USER_PATHS = NO;
				CLANG_CXX_LANGUAGE_STANDARD = "gnu++0x";
				CLANG_CXX_LIBRARY = "libc++";
				CLANG_ENABLE_MODULES = YES;
				CLANG_ENABLE_OBJC_ARC = YES;
				CLANG_WARN_BOOL_CONVERSION = YES;
				CLANG_WARN_CONSTANT_CONVERSION = YES;
				CLANG_WARN_DIRECT_OBJC_ISA_USAGE = YES_ERROR;
				CLANG_WARN_EMPTY_BODY = YES;
				CLANG_WARN_ENUM_CONVERSION = YES;
				CLANG_WARN_INT_CONVERSION = YES;
				CLANG_WARN_OBJC_ROOT_CLASS = YES_ERROR;
				CLANG_WARN_UNREACHABLE_CODE = YES;
				CLANG_WARN__DUPLICATE_METHOD_MATCH = YES;
				"CODE_SIGN_IDENTITY[sdk=iphoneos*]" = "iPhone Developer";
				COPY_PHASE_STRIP = NO;
				DEBUG_INFORMATION_FORMAT = "dwarf-with-dsym";
				ENABLE_NS_ASSERTIONS = NO;
				ENABLE_STRICT_OBJC_MSGSEND = YES;
				GCC_C_LANGUAGE_STANDARD = gnu99;
				GCC_NO_COMMON_BLOCKS = YES;
				GCC_WARN_64_TO_32_BIT_CONVERSION = YES;
				GCC_WARN_ABOUT_RETURN_TYPE = YES_ERROR;
				GCC_WARN_UNDECLARED_SELECTOR = YES;
				GCC_WARN_UNINITIALIZED_AUTOS = YES_AGGRESSIVE;
				GCC_WARN_UNUSED_FUNCTION = YES;
				GCC_WARN_UNUSED_VARIABLE = YES;
				IPHONEOS_DEPLOYMENT_TARGET = 9.0;
				MTL_ENABLE_DEBUG_INFO = NO;
				SDKROOT = iphoneos;
				VALIDATE_PRODUCT = YES;
			};
			name = Release;
		};
		89EC03091BCE7F3C0029C353 /* Debug */ = {
			isa = XCBuildConfiguration;
			buildSettings = {
				ASSETCATALOG_COMPILER_APPICON_NAME = AppIcon;
				INFOPLIST_FILE = DrawerViewController/Info.plist;
				LD_RUNPATH_SEARCH_PATHS = "$(inherited) @executable_path/Frameworks";
				PRODUCT_BUNDLE_IDENTIFIER = com.lu.free.DrawerViewController;
				PRODUCT_NAME = "$(TARGET_NAME)";
			};
			name = Debug;
		};
		89EC030A1BCE7F3C0029C353 /* Release */ = {
			isa = XCBuildConfiguration;
			buildSettings = {
				ASSETCATALOG_COMPILER_APPICON_NAME = AppIcon;
				INFOPLIST_FILE = DrawerViewController/Info.plist;
				LD_RUNPATH_SEARCH_PATHS = "$(inherited) @executable_path/Frameworks";
				PRODUCT_BUNDLE_IDENTIFIER = com.lu.free.DrawerViewController;
				PRODUCT_NAME = "$(TARGET_NAME)";
			};
			name = Release;
		};
		89EC030C1BCE7F3C0029C353 /* Debug */ = {
			isa = XCBuildConfiguration;
			buildSettings = {
				BUNDLE_LOADER = "$(TEST_HOST)";
				INFOPLIST_FILE = DrawerViewControllerTests/Info.plist;
				LD_RUNPATH_SEARCH_PATHS = "$(inherited) @executable_path/Frameworks @loader_path/Frameworks";
				PRODUCT_BUNDLE_IDENTIFIER = com.lu.free.DrawerViewControllerTests;
				PRODUCT_NAME = "$(TARGET_NAME)";
				TEST_HOST = "$(BUILT_PRODUCTS_DIR)/DrawerViewController.app/DrawerViewController";
			};
			name = Debug;
		};
		89EC030D1BCE7F3C0029C353 /* Release */ = {
			isa = XCBuildConfiguration;
			buildSettings = {
				BUNDLE_LOADER = "$(TEST_HOST)";
				INFOPLIST_FILE = DrawerViewControllerTests/Info.plist;
				LD_RUNPATH_SEARCH_PATHS = "$(inherited) @executable_path/Frameworks @loader_path/Frameworks";
				PRODUCT_BUNDLE_IDENTIFIER = com.lu.free.DrawerViewControllerTests;
				PRODUCT_NAME = "$(TARGET_NAME)";
				TEST_HOST = "$(BUILT_PRODUCTS_DIR)/DrawerViewController.app/DrawerViewController";
			};
			name = Release;
		};
		89EC030F1BCE7F3C0029C353 /* Debug */ = {
			isa = XCBuildConfiguration;
			buildSettings = {
				INFOPLIST_FILE = DrawerViewControllerUITests/Info.plist;
				LD_RUNPATH_SEARCH_PATHS = "$(inherited) @executable_path/Frameworks @loader_path/Frameworks";
				PRODUCT_BUNDLE_IDENTIFIER = com.lu.free.DrawerViewControllerUITests;
				PRODUCT_NAME = "$(TARGET_NAME)";
				TEST_TARGET_NAME = DrawerViewController;
				USES_XCTRUNNER = YES;
			};
			name = Debug;
		};
		89EC03101BCE7F3C0029C353 /* Release */ = {
			isa = XCBuildConfiguration;
			buildSettings = {
				INFOPLIST_FILE = DrawerViewControllerUITests/Info.plist;
				LD_RUNPATH_SEARCH_PATHS = "$(inherited) @executable_path/Frameworks @loader_path/Frameworks";
				PRODUCT_BUNDLE_IDENTIFIER = com.lu.free.DrawerViewControllerUITests;
				PRODUCT_NAME = "$(TARGET_NAME)";
				TEST_TARGET_NAME = DrawerViewController;
				USES_XCTRUNNER = YES;
			};
			name = Release;
		};
/* End XCBuildConfiguration section */

/* Begin XCConfigurationList section */
		89EC02D81BCE7F3C0029C353 /* Build configuration list for PBXProject "DrawerViewController" */ = {
			isa = XCConfigurationList;
			buildConfigurations = (
				89EC03061BCE7F3C0029C353 /* Debug */,
				89EC03071BCE7F3C0029C353 /* Release */,
			);
			defaultConfigurationIsVisible = 0;
			defaultConfigurationName = Release;
		};
		89EC03081BCE7F3C0029C353 /* Build configuration list for PBXNativeTarget "DrawerViewController" */ = {
			isa = XCConfigurationList;
			buildConfigurations = (
				89EC03091BCE7F3C0029C353 /* Debug */,
				89EC030A1BCE7F3C0029C353 /* Release */,
			);
			defaultConfigurationIsVisible = 0;
			defaultConfigurationName = Release;
		};
		89EC030B1BCE7F3C0029C353 /* Build configuration list for PBXNativeTarget "DrawerViewControllerTests" */ = {
			isa = XCConfigurationList;
			buildConfigurations = (
				89EC030C1BCE7F3C0029C353 /* Debug */,
				89EC030D1BCE7F3C0029C353 /* Release */,
			);
			defaultConfigurationIsVisible = 0;
			defaultConfigurationName = Release;
		};
		89EC030E1BCE7F3C0029C353 /* Build configuration list for PBXNativeTarget "DrawerViewControllerUITests" */ = {
			isa = XCConfigurationList;
			buildConfigurations = (
				89EC030F1BCE7F3C0029C353 /* Debug */,
				89EC03101BCE7F3C0029C353 /* Release */,
			);
			defaultConfigurationIsVisible = 0;
			defaultConfigurationName = Release;
		};
/* End XCConfigurationList section */

/* Begin XCVersionGroup section */
		89EC02E71BCE7F3C0029C353 /* DrawerViewController.xcdatamodeld */ = {
			isa = XCVersionGroup;
			children = (
				89EC02E81BCE7F3C0029C353 /* DrawerViewController.xcdatamodel */,
			);
			currentVersion = 89EC02E81BCE7F3C0029C353 /* DrawerViewController.xcdatamodel */;
			path = DrawerViewController.xcdatamodeld;
			sourceTree = "<group>";
			versionGroupType = wrapper.xcdatamodel;
		};
/* End XCVersionGroup section */
	};
	rootObject = 89EC02D51BCE7F3C0029C353 /* Project object */;
}
